
Microsoft Visual Studio Solution File, Format Version 12.00
# Visual Studio Version 17
VisualStudioVersion = 17.5.33516.290
MinimumVisualStudioVersion = 10.0.40219.1
Project("{9A19103F-16F7-4668-BE54-9A1E7A4F7556}") = "ids", "ids\ids.csproj", "{D19015D7-B3D7-43F0-800A-DB87FD9825D6}"
EndProject
Project("{9A19103F-16F7-4668-BE54-9A1E7A4F7556}") = "weatherapi", "weatherapi\weatherapi.csproj", "{9DA0A697-6792-488E-B542-8BBEAC5FBE6B}"
EndProject
Project("{9A19103F-16F7-4668-BE54-9A1E7A4F7556}") = "is4mvc", "is4mvc\is4mvc.csproj", "{6EECE7FA-035F-43A1-BC2E-AD69D415FEB4}"
EndProject
Global
	GlobalSection(SolutionConfigurationPlatforms) = preSolution
		Debug|Any CPU = Debug|Any CPU
		Release|Any CPU = Release|Any CPU
	EndGlobalSection
	GlobalSection(ProjectConfigurationPlatforms) = postSolution
		{D19015D7-B3D7-43F0-800A-DB87FD9825D6}.Debug|Any CPU.ActiveCfg = Debug|Any CPU
		{D19015D7-B3D7-43F0-800A-DB87FD9825D6}.Debug|Any CPU.Build.0 = Debug|Any CPU
		{D19015D7-B3D7-43F0-800A-DB87FD9825D6}.Release|Any CPU.ActiveCfg = Release|Any CPU
		{D19015D7-B3D7-43F0-800A-DB87FD9825D6}.Release|Any CPU.Build.0 = Release|Any CPU
		{9DA0A697-6792-488E-B542-8BBEAC5FBE6B}.Debug|Any CPU.ActiveCfg = Debug|Any CPU
		{9DA0A697-6792-488E-B542-8BBEAC5FBE6B}.Debug|Any CPU.Build.0 = Debug|Any CPU
		{9DA0A697-6792-488E-B542-8BBEAC5FBE6B}.Release|Any CPU.ActiveCfg = Release|Any CPU
		{9DA0A697-6792-488E-B542-8BBEAC5FBE6B}.Release|Any CPU.Build.0 = Release|Any CPU
		{6EECE7FA-035F-43A1-BC2E-AD69D415FEB4}.Debug|Any CPU.ActiveCfg = Debug|Any CPU
		{6EECE7FA-035F-43A1-BC2E-AD69D415FEB4}.Debug|Any CPU.Build.0 = Debug|Any CPU
		{6EECE7FA-035F-43A1-BC2E-AD69D415FEB4}.Release|Any CPU.ActiveCfg = Release|Any CPU
		{6EECE7FA-035F-43A1-BC2E-AD69D415FEB4}.Release|Any CPU.Build.0 = Release|Any CPU
	EndGlobalSection
	GlobalSection(SolutionProperties) = preSolution
		HideSolutionNode = FALSE
	EndGlobalSection
	GlobalSection(ExtensibilityGlobals) = postSolution
		SolutionGuid = {CC51F267-E811-4A73-9C30-50CAA871FE6B}
	EndGlobalSection
EndGlobal
